// !$*UTF8*$!
{
	archiveVersion = 1;
	classes = {
	};
	objectVersion = 46;
	objects = {

/* Begin PBXBuildFile section */
		6B59561E1E04539C00688D00 /* main.swift in Sources */ = {isa = PBXBuildFile; fileRef = 6B59561D1E04539C00688D00 /* main.swift */; };
		6B5956301E0453CA00688D00 /* PBXProjBaseListener.swift in Sources */ = {isa = PBXBuildFile; fileRef = 6B5956271E0453CA00688D00 /* PBXProjBaseListener.swift */; };
		6B5956311E0453CA00688D00 /* PBXProjLexer.swift in Sources */ = {isa = PBXBuildFile; fileRef = 6B5956281E0453CA00688D00 /* PBXProjLexer.swift */; };
		6B5956321E0453CA00688D00 /* PBXProjLexerATN.swift in Sources */ = {isa = PBXBuildFile; fileRef = 6B59562A1E0453CA00688D00 /* PBXProjLexerATN.swift */; };
		6B5956331E0453CA00688D00 /* PBXProjListener.swift in Sources */ = {isa = PBXBuildFile; fileRef = 6B59562C1E0453CA00688D00 /* PBXProjListener.swift */; };
		6B5956341E0453CA00688D00 /* PBXProjParser.swift in Sources */ = {isa = PBXBuildFile; fileRef = 6B59562E1E0453CA00688D00 /* PBXProjParser.swift */; };
		6B5956351E0453CA00688D00 /* PBXProjParserATN.swift in Sources */ = {isa = PBXBuildFile; fileRef = 6B59562F1E0453CA00688D00 /* PBXProjParserATN.swift */; };
/* End PBXBuildFile section */

/* Begin PBXCopyFilesBuildPhase section */
		6B5956181E04539C00688D00 /* CopyFiles */ = {
			isa = PBXCopyFilesBuildPhase;
			buildActionMask = 2147483647;
			dstPath = /usr/share/man/man1/;
			dstSubfolderSpec = 0;
			files = (
			);
			runOnlyForDeploymentPostprocessing = 1;
		};
/* End PBXCopyFilesBuildPhase section */

/* Begin PBXFileReference section */
		6B59561A1E04539C00688D00 /* kin-swift */ = {isa = PBXFileReference; explicitFileType = "compiled.mach-o.executable"; includeInIndex = 0; path = "kin-swift"; sourceTree = BUILT_PRODUCTS_DIR; };
		6B59561D1E04539C00688D00 /* main.swift */ = {isa = PBXFileReference; lastKnownFileType = sourcecode.swift; path = main.swift; sourceTree = "<group>"; };
		6B5956251E0453CA00688D00 /* PBXProj.g4 */ = {isa = PBXFileReference; fileEncoding = 4; lastKnownFileType = text; path = PBXProj.g4; sourceTree = "<group>"; };
		6B5956261E0453CA00688D00 /* PBXProj.tokens */ = {isa = PBXFileReference; fileEncoding = 4; lastKnownFileType = text; path = PBXProj.tokens; sourceTree = "<group>"; };
		6B5956271E0453CA00688D00 /* PBXProjBaseListener.swift */ = {isa = PBXFileReference; fileEncoding = 4; lastKnownFileType = sourcecode.swift; path = PBXProjBaseListener.swift; sourceTree = "<group>"; };
		6B5956281E0453CA00688D00 /* PBXProjLexer.swift */ = {isa = PBXFileReference; fileEncoding = 4; lastKnownFileType = sourcecode.swift; path = PBXProjLexer.swift; sourceTree = "<group>"; };
		6B5956291E0453CA00688D00 /* PBXProjLexer.tokens */ = {isa = PBXFileReference; fileEncoding = 4; lastKnownFileType = text; path = PBXProjLexer.tokens; sourceTree = "<group>"; };
		6B59562A1E0453CA00688D00 /* PBXProjLexerATN.swift */ = {isa = PBXFileReference; fileEncoding = 4; lastKnownFileType = sourcecode.swift; path = PBXProjLexerATN.swift; sourceTree = "<group>"; };
		6B59562B1E0453CA00688D00 /* PBXProjListener.py */ = {isa = PBXFileReference; fileEncoding = 4; lastKnownFileType = text.script.python; path = PBXProjListener.py; sourceTree = "<group>"; };
		6B59562C1E0453CA00688D00 /* PBXProjListener.swift */ = {isa = PBXFileReference; fileEncoding = 4; lastKnownFileType = sourcecode.swift; path = PBXProjListener.swift; sourceTree = "<group>"; };
		6B59562D1E0453CA00688D00 /* PBXProjParser.py */ = {isa = PBXFileReference; fileEncoding = 4; lastKnownFileType = text.script.python; path = PBXProjParser.py; sourceTree = "<group>"; };
		6B59562E1E0453CA00688D00 /* PBXProjParser.swift */ = {isa = PBXFileReference; fileEncoding = 4; lastKnownFileType = sourcecode.swift; path = PBXProjParser.swift; sourceTree = "<group>"; };
		6B59562F1E0453CA00688D00 /* PBXProjParserATN.swift */ = {isa = PBXFileReference; fileEncoding = 4; lastKnownFileType = sourcecode.swift; path = PBXProjParserATN.swift; sourceTree = "<group>"; };
		6B59566E1E04552C00688D00 /* kin-swift.xcodeproj */ = {isa = PBXFileReference; lastKnownFileType = "wrapper.pb-project"; path = "kin-swift.xcodeproj"; sourceTree = "<group>"; };
/* End PBXFileReference section */

/* Begin PBXFrameworksBuildPhase section */
		6B5956171E04539C00688D00 /* Frameworks */ = {
			isa = PBXFrameworksBuildPhase;
			buildActionMask = 2147483647;
			files = (
			);
			runOnlyForDeploymentPostprocessing = 0;
		};
/* End PBXFrameworksBuildPhase section */

/* Begin PBXGroup section */
		6B5956111E04539C00688D00 = {
			isa = PBXGroup;
			children = (
				6B59566E1E04552C00688D00 /* kin-swift.xcodeproj */,
				6B59561C1E04539C00688D00 /* kin-swift */,
				6B59561B1E04539C00688D00 /* Products */,
			);
			sourceTree = "<group>";
		};
		6B59561B1E04539C00688D00 /* Products */ = {
			isa = PBXGroup;
			children = (
				6B59561A1E04539C00688D00 /* kin-swift */,
			);
			name = Products;
			sourceTree = "<group>";
		};
		6B59561C1E04539C00688D00 /* kin-swift */ = {
			isa = PBXGroup;
			children = (
				6B5956241E0453CA00688D00 /* grammar */,
				6B59561D1E04539C00688D00 /* main.swift */,
			);
			path = "kin-swift";
			sourceTree = "<group>";
		};
		6B5956241E0453CA00688D00 /* grammar */ = {
			isa = PBXGroup;
			children = (
				6B5956251E0453CA00688D00 /* PBXProj.g4 */,
				6B5956261E0453CA00688D00 /* PBXProj.tokens */,
				6B5956271E0453CA00688D00 /* PBXProjBaseListener.swift */,
				6B5956281E0453CA00688D00 /* PBXProjLexer.swift */,
				6B5956291E0453CA00688D00 /* PBXProjLexer.tokens */,
				6B59562A1E0453CA00688D00 /* PBXProjLexerATN.swift */,
				6B59562B1E0453CA00688D00 /* PBXProjListener.py */,
				6B59562C1E0453CA00688D00 /* PBXProjListener.swift */,
				6B59562D1E0453CA00688D00 /* PBXProjParser.py */,
				6B59562E1E0453CA00688D00 /* PBXProjParser.swift */,
				6B59562F1E0453CA00688D00 /* PBXProjParserATN.swift */,
			);
			path = grammar;
			sourceTree = "<group>";
		};
		6B59566F1E04552C00688D00 /* Products */ = {
			isa = PBXGroup;
			name = Products;
			sourceTree = "<group>";
		};
/* End PBXGroup section */

/* Begin PBXNativeTarget section */
		6B5956191E04539C00688D00 /* kin-swift */ = {
			isa = PBXNativeTarget;
			buildConfigurationList = 6B5956211E04539C00688D00 /* Build configuration list for PBXNativeTarget "kin-swift" */;
			buildPhases = (
				6B5956161E04539C00688D00 /* Sources */,
				6B5956171E04539C00688D00 /* Frameworks */,
				6B5956181E04539C00688D00 /* CopyFiles */,
			);
			buildRules = (
			);
			dependencies = (
			);
			name = "kin-swift";
			productName = "kin-swift";
			productReference = 6B59561A1E04539C00688D00 /* kin-swift */;
			productType = "com.apple.product-type.tool";
		};
/* End PBXNativeTarget section */

/* Begin PBXProject section */
		6B5956121E04539C00688D00 /* Project object */ = {
			isa = PBXProject;
			attributes = {
				LastSwiftUpdateCheck = 0820;
				LastUpgradeCheck = 0820;
				ORGANIZATIONNAME = Karumi;
				TargetAttributes = {
					6B5956191E04539C00688D00 = {
						CreatedOnToolsVersion = 8.2;
						DevelopmentTeam = N53CWP57ZW;
						ProvisioningStyle = Automatic;
					};
				};
			};
			buildConfigurationList = 6B5956151E04539C00688D00 /* Build configuration list for PBXProject "kin-swift" */;
			compatibilityVersion = "Xcode 3.2";
			developmentRegion = English;
			hasScannedForEncodings = 0;
			knownRegions = (
				en,
			);
			mainGroup = 6B5956111E04539C00688D00;
			productRefGroup = 6B59561B1E04539C00688D00 /* Products */;
			projectDirPath = "";
			projectReferences = (
				{
					ProductGroup = 6B59566F1E04552C00688D00 /* Products */;
					ProjectRef = 6B59566E1E04552C00688D00 /* kin-swift.xcodeproj */;
				},
			);
			projectRoot = "";
			targets = (
				6B5956191E04539C00688D00 /* kin-swift */,
			);
		};
/* End PBXProject section */

/* Begin PBXSourcesBuildPhase section */
		6B5956161E04539C00688D00 /* Sources */ = {
			isa = PBXSourcesBuildPhase;
			buildActionMask = 2147483647;
			files = (
				6B5956331E0453CA00688D00 /* PBXProjListener.swift in Sources */,
				6B5956321E0453CA00688D00 /* PBXProjLexerATN.swift in Sources */,
				6B5956301E0453CA00688D00 /* PBXProjBaseListener.swift in Sources */,
				6B59561E1E04539C00688D00 /* main.swift in Sources */,
				6B5956341E0453CA00688D00 /* PBXProjParser.swift in Sources */,
				6B5956311E0453CA00688D00 /* PBXProjLexer.swift in Sources */,
				6B5956351E0453CA00688D00 /* PBXProjParserATN.swift in Sources */,
			);
			runOnlyForDeploymentPostprocessing = 0;
		};
/* End PBXSourcesBuildPhase section */

/* Begin XCBuildConfiguration section */
		6B59561F1E04539C00688D00 /* Debug */ = {
			isa = XCBuildConfiguration;
			buildSettings = {
				ALWAYS_SEARCH_USER_PATHS = NO;
				CLANG_ANALYZER_NONNULL = YES;
				CLANG_CXX_LANGUAGE_STANDARD = "gnu++0x";
				CLANG_CXX_LIBRARY = "libc++";
				CLANG_ENABLE_MODULES = YES;
				CLANG_ENABLE_OBJC_ARC = YES;
				CLANG_WARN_BOOL_CONVERSION = YES;
				CLANG_WARN_CONSTANT_CONVERSION = YES;
				CLANG_WARN_DIRECT_OBJC_ISA_USAGE = YES_ERROR;
				CLANG_WARN_DOCUMENTATION_COMMENTS = YES;
				CLANG_WARN_EMPTY_BODY = YES;
				CLANG_WARN_ENUM_CONVERSION = YES;
				CLANG_WARN_INFINITE_RECURSION = YES;
				CLANG_WARN_INT_CONVERSION = YES;
				CLANG_WARN_OBJC_ROOT_CLASS = YES_ERROR;
				CLANG_WARN_SUSPICIOUS_MOVE = YES;
				CLANG_WARN_UNREACHABLE_CODE = YES;
				CLANG_WARN__DUPLICATE_METHOD_MATCH = YES;
				CODE_SIGN_IDENTITY = "-";
				COPY_PHASE_STRIP = NO;
				DEBUG_INFORMATION_FORMAT = dwarf;
				ENABLE_STRICT_OBJC_MSGSEND = YES;
				ENABLE_TESTABILITY = YES;
				GCC_C_LANGUAGE_STANDARD = gnu99;
				GCC_DYNAMIC_NO_PIC = NO;
				GCC_NO_COMMON_BLOCKS = YES;
				GCC_OPTIMIZATION_LEVEL = 0;
				GCC_PREPROCESSOR_DEFINITIONS = (
					"DEBUG=1",
					"$(inherited)",
				);
				GCC_WARN_64_TO_32_BIT_CONVERSION = YES;
				GCC_WARN_ABOUT_RETURN_TYPE = YES_ERROR;
				GCC_WARN_UNDECLARED_SELECTOR = YES;
				GCC_WARN_UNINITIALIZED_AUTOS = YES_AGGRESSIVE;
				GCC_WARN_UNUSED_FUNCTION = YES;
				GCC_WARN_UNUSED_VARIABLE = YES;
				MACOSX_DEPLOYMENT_TARGET = 10.11;
				MTL_ENABLE_DEBUG_INFO = YES;
				ONLY_ACTIVE_ARCH = YES;
				SDKROOT = macosx;
				SWIFT_OPTIMIZATION_LEVEL = "-Onone";
			};
			name = Debug;
		};
		6B5956201E04539C00688D00 /* Release */ = {
			isa = XCBuildConfiguration;
			buildSettings = {
				ALWAYS_SEARCH_USER_PATHS = NO;
				CLANG_ANALYZER_NONNULL = YES;
				CLANG_CXX_LANGUAGE_STANDARD = "gnu++0x";
				CLANG_CXX_LIBRARY = "libc++";
				CLANG_ENABLE_MODULES = YES;
				CLANG_ENABLE_OBJC_ARC = YES;
				CLANG_WARN_BOOL_CONVERSION = YES;
				CLANG_WARN_CONSTANT_CONVERSION = YES;
				CLANG_WARN_DIRECT_OBJC_ISA_USAGE = YES_ERROR;
				CLANG_WARN_DOCUMENTATION_COMMENTS = YES;
				CLANG_WARN_EMPTY_BODY = YES;
				CLANG_WARN_ENUM_CONVERSION = YES;
				CLANG_WARN_INFINITE_RECURSION = YES;
				CLANG_WARN_INT_CONVERSION = YES;
				CLANG_WARN_OBJC_ROOT_CLASS = YES_ERROR;
				CLANG_WARN_SUSPICIOUS_MOVE = YES;
				CLANG_WARN_UNREACHABLE_CODE = YES;
				CLANG_WARN__DUPLICATE_METHOD_MATCH = YES;
				CODE_SIGN_IDENTITY = "-";
				COPY_PHASE_STRIP = NO;
				DEBUG_INFORMATION_FORMAT = "dwarf-with-dsym";
				ENABLE_NS_ASSERTIONS = NO;
				ENABLE_STRICT_OBJC_MSGSEND = YES;
				GCC_C_LANGUAGE_STANDARD = gnu99;
				GCC_NO_COMMON_BLOCKS = YES;
				GCC_WARN_64_TO_32_BIT_CONVERSION = YES;
				GCC_WARN_ABOUT_RETURN_TYPE = YES_ERROR;
				GCC_WARN_UNDECLARED_SELECTOR = YES;
				GCC_WARN_UNINITIALIZED_AUTOS = YES_AGGRESSIVE;
				GCC_WARN_UNUSED_FUNCTION = YES;
				GCC_WARN_UNUSED_VARIABLE = YES;
				MACOSX_DEPLOYMENT_TARGET = 10.11;
				MTL_ENABLE_DEBUG_INFO = NO;
				SDKROOT = macosx;
			};
			name = Release;
		};
		6B5956221E04539C00688D00 /* Debug */ = {
			isa = XCBuildConfiguration;
			buildSettings = {
				DEVELOPMENT_TEAM = N53CWP57ZW;
				FRAMEWORK_SEARCH_PATHS = (
					"$(inherited)",
					"$(PROJECT_DIR)/kin-swift",
				);
				PRODUCT_NAME = "$(TARGET_NAME)";
				SWIFT_VERSION = 3.0;
			};
			name = Debug;
		};
		6B5956231E04539C00688D00 /* Release */ = {
			isa = XCBuildConfiguration;
			buildSettings = {
				DEVELOPMENT_TEAM = N53CWP57ZW;
				FRAMEWORK_SEARCH_PATHS = (
					"$(inherited)",
					"$(PROJECT_DIR)/kin-swift",
				);
				PRODUCT_NAME = "$(TARGET_NAME)";
				SWIFT_VERSION = 3.0;
			};
			name = Release;
		};
/* End XCBuildConfiguration section */

/* Begin XCConfigurationList section */
		6B5956151E04539C00688D00 /* Build configuration list for PBXProject "kin-swift" */ = {
			isa = XCConfigurationList;
			buildConfigurations = (
				6B59561F1E04539C00688D00 /* Debug */,
				6B5956201E04539C00688D00 /* Release */,
			);
			defaultConfigurationIsVisible = 0;
			defaultConfigurationName = Release;
		};
		6B5956211E04539C00688D00 /* Build configuration list for PBXNativeTarget "kin-swift" */ = {
			isa = XCConfigurationList;
			buildConfigurations = (
				6B5956221E04539C00688D00 /* Debug */,
				6B5956231E04539C00688D00 /* Release */,
			);
			defaultConfigurationIsVisible = 0;
			defaultConfigurationName = Release;
		};
/* End XCConfigurationList section */
	};
	rootObject = 6B5956121E04539C00688D00 /* Project object */;
}
